
Microsoft Visual Studio Solution File, Format Version 12.00
Project("{FAE04EC0-301F-11D3-BF4B-00C04F79EFBC}") = "CRM", "CRM.csproj", "{D6200D80-4827-450F-B606-3F92F5B0B7CE}"
EndProject
Global
	GlobalSection(SolutionConfigurationPlatforms) = preSolution
		Debug|Any CPU = Debug|Any CPU
		Release|Any CPU = Release|Any CPU
	EndGlobalSection
	GlobalSection(ProjectConfigurationPlatforms) = postSolution
		{D6200D80-4827-450F-B606-3F92F5B0B7CE}.Debug|Any CPU.ActiveCfg = Debug|Any CPU
		{D6200D80-4827-450F-B606-3F92F5B0B7CE}.Debug|Any CPU.Build.0 = Debug|Any CPU
		{D6200D80-4827-450F-B606-3F92F5B0B7CE}.Release|Any CPU.ActiveCfg = Release|Any CPU
		{D6200D80-4827-450F-B606-3F92F5B0B7CE}.Release|Any CPU.Build.0 = Release|Any CPU
	EndGlobalSection
EndGlobal
